
Microsoft Visual Studio Solution File, Format Version 12.00
# Visual Studio Version 17
VisualStudioVersion = 17.3.32929.385
MinimumVisualStudioVersion = 10.0.40219.1
Project("{FAE04EC0-301F-11D3-BF4B-00C04F79EFBC}") = "Section6", "Section6\Section6.csproj", "{E7CC08AE-26D9-4E18-A902-44B22C45831C}"
EndProject
Global
	GlobalSection(SolutionConfigurationPlatforms) = preSolution
		Debug|Any CPU = Debug|Any CPU
		Release|Any CPU = Release|Any CPU
	EndGlobalSection
	GlobalSection(ProjectConfigurationPlatforms) = postSolution
		{E7CC08AE-26D9-4E18-A902-44B22C45831C}.Debug|Any CPU.ActiveCfg = Debug|Any CPU
		{E7CC08AE-26D9-4E18-A902-44B22C45831C}.Debug|Any CPU.Build.0 = Debug|Any CPU
		{E7CC08AE-26D9-4E18-A902-44B22C45831C}.Release|Any CPU.ActiveCfg = Release|Any CPU
		{E7CC08AE-26D9-4E18-A902-44B22C45831C}.Release|Any CPU.Build.0 = Release|Any CPU
	EndGlobalSection
	GlobalSection(SolutionProperties) = preSolution
		HideSolutionNode = FALSE
	EndGlobalSection
	GlobalSection(ExtensibilityGlobals) = postSolution
		SolutionGuid = {6DB1D1AA-8D97-4C52-AB3B-41AFB0B9B9B9}
	EndGlobalSection
EndGlobal
